{
  "object": {
    "pins": [
      {
        "package": "TinkCore",
        "repositoryURL": "https://github.com/tink-ab/tink-core-ios",
        "state": {
          "branch": null,
          "revision": "f6f8c1f0284058c1286d17693b1fb4035941af1a",
          "version": "0.4.0"
        }
      }
    ]
  },
  "version": 1
}
